
Microsoft Visual Studio Solution File, Format Version 12.00
# Visual Studio 15
VisualStudioVersion = 15.0.28307.645
MinimumVisualStudioVersion = 10.0.40219.1
Project("{8BC9CEB8-8B4A-11D0-8D11-00A0C91BC942}") = "operatoroverloading", "operatoroverloading\operatoroverloading.vcxproj", "{8EE34F58-3B66-49C8-BDAE-A561A48CED06}"
EndProject
Global
	GlobalSection(SolutionConfigurationPlatforms) = preSolution
		Debug|x64 = Debug|x64
		Debug|x86 = Debug|x86
		Release|x64 = Release|x64
		Release|x86 = Release|x86
	EndGlobalSection
	GlobalSection(ProjectConfigurationPlatforms) = postSolution
		{8EE34F58-3B66-49C8-BDAE-A561A48CED06}.Debug|x64.ActiveCfg = Debug|x64
		{8EE34F58-3B66-49C8-BDAE-A561A48CED06}.Debug|x64.Build.0 = Debug|x64
		{8EE34F58-3B66-49C8-BDAE-A561A48CED06}.Debug|x86.ActiveCfg = Debug|Win32
		{8EE34F58-3B66-49C8-BDAE-A561A48CED06}.Debug|x86.Build.0 = Debug|Win32
		{8EE34F58-3B66-49C8-BDAE-A561A48CED06}.Release|x64.ActiveCfg = Release|x64
		{8EE34F58-3B66-49C8-BDAE-A561A48CED06}.Release|x64.Build.0 = Release|x64
		{8EE34F58-3B66-49C8-BDAE-A561A48CED06}.Release|x86.ActiveCfg = Release|Win32
		{8EE34F58-3B66-49C8-BDAE-A561A48CED06}.Release|x86.Build.0 = Release|Win32
	EndGlobalSection
	GlobalSection(SolutionProperties) = preSolution
		HideSolutionNode = FALSE
	EndGlobalSection
	GlobalSection(ExtensibilityGlobals) = postSolution
		SolutionGuid = {CDFD8572-604C-415D-8FDF-188E67451F97}
	EndGlobalSection
EndGlobal
